
Microsoft Visual Studio Solution File, Format Version 12.00
# Visual Studio 15
VisualStudioVersion = 15.0.27428.2005
MinimumVisualStudioVersion = 10.0.40219.1
Project("{FAE04EC0-301F-11D3-BF4B-00C04F79EFBC}") = "DiscStore.Core", "DiscStore.Core\DiscStore.Core.csproj", "{D213DFEE-4B2B-4A34-91AD-B863173B479C}"
EndProject
Project("{FAE04EC0-301F-11D3-BF4B-00C04F79EFBC}") = "DiscStore.Infrastructure", "DiscStore.Infrastructure\DiscStore.Infrastructure.csproj", "{D41CDB03-3154-4767-BAE5-E072AB8DF57F}"
EndProject
Project("{FAE04EC0-301F-11D3-BF4B-00C04F79EFBC}") = "DiscStore.WebUI", "DiscStore.WebUI\DiscStore.WebUI.csproj", "{D97A9C54-27A4-4BAE-B0A6-343C8965E3DF}"
EndProject
Global
	GlobalSection(SolutionConfigurationPlatforms) = preSolution
		Debug|Any CPU = Debug|Any CPU
		Release|Any CPU = Release|Any CPU
	EndGlobalSection
	GlobalSection(ProjectConfigurationPlatforms) = postSolution
		{D213DFEE-4B2B-4A34-91AD-B863173B479C}.Debug|Any CPU.ActiveCfg = Debug|Any CPU
		{D213DFEE-4B2B-4A34-91AD-B863173B479C}.Debug|Any CPU.Build.0 = Debug|Any CPU
		{D213DFEE-4B2B-4A34-91AD-B863173B479C}.Release|Any CPU.ActiveCfg = Release|Any CPU
		{D213DFEE-4B2B-4A34-91AD-B863173B479C}.Release|Any CPU.Build.0 = Release|Any CPU
		{D41CDB03-3154-4767-BAE5-E072AB8DF57F}.Debug|Any CPU.ActiveCfg = Debug|Any CPU
		{D41CDB03-3154-4767-BAE5-E072AB8DF57F}.Debug|Any CPU.Build.0 = Debug|Any CPU
		{D41CDB03-3154-4767-BAE5-E072AB8DF57F}.Release|Any CPU.ActiveCfg = Release|Any CPU
		{D41CDB03-3154-4767-BAE5-E072AB8DF57F}.Release|Any CPU.Build.0 = Release|Any CPU
		{D97A9C54-27A4-4BAE-B0A6-343C8965E3DF}.Debug|Any CPU.ActiveCfg = Debug|Any CPU
		{D97A9C54-27A4-4BAE-B0A6-343C8965E3DF}.Debug|Any CPU.Build.0 = Debug|Any CPU
		{D97A9C54-27A4-4BAE-B0A6-343C8965E3DF}.Release|Any CPU.ActiveCfg = Release|Any CPU
		{D97A9C54-27A4-4BAE-B0A6-343C8965E3DF}.Release|Any CPU.Build.0 = Release|Any CPU
	EndGlobalSection
	GlobalSection(SolutionProperties) = preSolution
		HideSolutionNode = FALSE
	EndGlobalSection
	GlobalSection(ExtensibilityGlobals) = postSolution
		SolutionGuid = {7C27A032-8D2E-4991-9FD3-E62CD7FB894D}
	EndGlobalSection
EndGlobal
